
Microsoft Visual Studio Solution File, Format Version 12.00
Project("{FAE04EC0-301F-11D3-BF4B-00C04F79EFBC}") = "CBFExample", "CBFExample\CBFExample.csproj", "{DD91451D-9E3B-4DD3-A954-C4A81C6E421D}"
EndProject
Project("{FAE04EC0-301F-11D3-BF4B-00C04F79EFBC}") = "ChatBotFramework", "ChatBotFramework\ChatBotFramework.csproj", "{B72E3382-8A97-4E8F-B2CC-E73FEA6E264D}"
EndProject
Project("{FAE04EC0-301F-11D3-BF4B-00C04F79EFBC}") = "ChatBotFramework.Telegram", "ChatBotFramework.Telegram\ChatBotFramework.Telegram.csproj", "{D0E3BD12-3C4F-4D97-AAD5-E15D64C5D687}"
EndProject
Global
	GlobalSection(SolutionConfigurationPlatforms) = preSolution
		Debug|Any CPU = Debug|Any CPU
		Release|Any CPU = Release|Any CPU
	EndGlobalSection
	GlobalSection(ProjectConfigurationPlatforms) = postSolution
		{DD91451D-9E3B-4DD3-A954-C4A81C6E421D}.Debug|Any CPU.ActiveCfg = Debug|Any CPU
		{DD91451D-9E3B-4DD3-A954-C4A81C6E421D}.Debug|Any CPU.Build.0 = Debug|Any CPU
		{DD91451D-9E3B-4DD3-A954-C4A81C6E421D}.Release|Any CPU.ActiveCfg = Release|Any CPU
		{DD91451D-9E3B-4DD3-A954-C4A81C6E421D}.Release|Any CPU.Build.0 = Release|Any CPU
		{B72E3382-8A97-4E8F-B2CC-E73FEA6E264D}.Debug|Any CPU.ActiveCfg = Debug|Any CPU
		{B72E3382-8A97-4E8F-B2CC-E73FEA6E264D}.Debug|Any CPU.Build.0 = Debug|Any CPU
		{B72E3382-8A97-4E8F-B2CC-E73FEA6E264D}.Release|Any CPU.ActiveCfg = Release|Any CPU
		{B72E3382-8A97-4E8F-B2CC-E73FEA6E264D}.Release|Any CPU.Build.0 = Release|Any CPU
		{D0E3BD12-3C4F-4D97-AAD5-E15D64C5D687}.Debug|Any CPU.ActiveCfg = Debug|Any CPU
		{D0E3BD12-3C4F-4D97-AAD5-E15D64C5D687}.Debug|Any CPU.Build.0 = Debug|Any CPU
		{D0E3BD12-3C4F-4D97-AAD5-E15D64C5D687}.Release|Any CPU.ActiveCfg = Release|Any CPU
		{D0E3BD12-3C4F-4D97-AAD5-E15D64C5D687}.Release|Any CPU.Build.0 = Release|Any CPU
	EndGlobalSection
EndGlobal
